
Microsoft Visual Studio Solution File, Format Version 12.00
# Visual Studio Version 16
VisualStudioVersion = 16.0.31729.503
MinimumVisualStudioVersion = 10.0.40219.1
Project("{8BC9CEB8-8B4A-11D0-8D11-00A0C91BC942}") = "mbrStatic", "test\test.vcxproj", "{C23102DB-B3C8-4FB5-A48B-A2514735D439}"
EndProject
Project("{8BC9CEB8-8B4A-11D0-8D11-00A0C91BC942}") = "mbrStatikfunc", "mbrStatikfunc\mbrStatikfunc.vcxproj", "{517E37E8-C2F6-404F-8F10-C5303678BEFC}"
EndProject
Project("{8BC9CEB8-8B4A-11D0-8D11-00A0C91BC942}") = "konstructor", "konstructor\konstructor.vcxproj", "{7F4FAB1F-DA17-4D99-B2EE-0C41B9B7E8BB}"
EndProject
Project("{8BC9CEB8-8B4A-11D0-8D11-00A0C91BC942}") = "destructor", "destructor\destructor.vcxproj", "{A7D836D3-09F7-46BB-A34A-E09849C272A9}"
EndProject
Project("{8BC9CEB8-8B4A-11D0-8D11-00A0C91BC942}") = "chainfucntion", "chainfucntion\chainfucntion.vcxproj", "{98C565EB-CF9E-48C3-8BD3-8A55079194D5}"
EndProject
Global
	GlobalSection(SolutionConfigurationPlatforms) = preSolution
		Debug|x64 = Debug|x64
		Debug|x86 = Debug|x86
		Release|x64 = Release|x64
		Release|x86 = Release|x86
	EndGlobalSection
	GlobalSection(ProjectConfigurationPlatforms) = postSolution
		{C23102DB-B3C8-4FB5-A48B-A2514735D439}.Debug|x64.ActiveCfg = Debug|x64
		{C23102DB-B3C8-4FB5-A48B-A2514735D439}.Debug|x64.Build.0 = Debug|x64
		{C23102DB-B3C8-4FB5-A48B-A2514735D439}.Debug|x86.ActiveCfg = Debug|Win32
		{C23102DB-B3C8-4FB5-A48B-A2514735D439}.Debug|x86.Build.0 = Debug|Win32
		{C23102DB-B3C8-4FB5-A48B-A2514735D439}.Release|x64.ActiveCfg = Release|x64
		{C23102DB-B3C8-4FB5-A48B-A2514735D439}.Release|x64.Build.0 = Release|x64
		{C23102DB-B3C8-4FB5-A48B-A2514735D439}.Release|x86.ActiveCfg = Release|Win32
		{C23102DB-B3C8-4FB5-A48B-A2514735D439}.Release|x86.Build.0 = Release|Win32
		{517E37E8-C2F6-404F-8F10-C5303678BEFC}.Debug|x64.ActiveCfg = Debug|x64
		{517E37E8-C2F6-404F-8F10-C5303678BEFC}.Debug|x64.Build.0 = Debug|x64
		{517E37E8-C2F6-404F-8F10-C5303678BEFC}.Debug|x86.ActiveCfg = Debug|Win32
		{517E37E8-C2F6-404F-8F10-C5303678BEFC}.Debug|x86.Build.0 = Debug|Win32
		{517E37E8-C2F6-404F-8F10-C5303678BEFC}.Release|x64.ActiveCfg = Release|x64
		{517E37E8-C2F6-404F-8F10-C5303678BEFC}.Release|x64.Build.0 = Release|x64
		{517E37E8-C2F6-404F-8F10-C5303678BEFC}.Release|x86.ActiveCfg = Release|Win32
		{517E37E8-C2F6-404F-8F10-C5303678BEFC}.Release|x86.Build.0 = Release|Win32
		{7F4FAB1F-DA17-4D99-B2EE-0C41B9B7E8BB}.Debug|x64.ActiveCfg = Debug|x64
		{7F4FAB1F-DA17-4D99-B2EE-0C41B9B7E8BB}.Debug|x64.Build.0 = Debug|x64
		{7F4FAB1F-DA17-4D99-B2EE-0C41B9B7E8BB}.Debug|x86.ActiveCfg = Debug|Win32
		{7F4FAB1F-DA17-4D99-B2EE-0C41B9B7E8BB}.Debug|x86.Build.0 = Debug|Win32
		{7F4FAB1F-DA17-4D99-B2EE-0C41B9B7E8BB}.Release|x64.ActiveCfg = Release|x64
		{7F4FAB1F-DA17-4D99-B2EE-0C41B9B7E8BB}.Release|x64.Build.0 = Release|x64
		{7F4FAB1F-DA17-4D99-B2EE-0C41B9B7E8BB}.Release|x86.ActiveCfg = Release|Win32
		{7F4FAB1F-DA17-4D99-B2EE-0C41B9B7E8BB}.Release|x86.Build.0 = Release|Win32
		{A7D836D3-09F7-46BB-A34A-E09849C272A9}.Debug|x64.ActiveCfg = Debug|x64
		{A7D836D3-09F7-46BB-A34A-E09849C272A9}.Debug|x64.Build.0 = Debug|x64
		{A7D836D3-09F7-46BB-A34A-E09849C272A9}.Debug|x86.ActiveCfg = Debug|Win32
		{A7D836D3-09F7-46BB-A34A-E09849C272A9}.Debug|x86.Build.0 = Debug|Win32
		{A7D836D3-09F7-46BB-A34A-E09849C272A9}.Release|x64.ActiveCfg = Release|x64
		{A7D836D3-09F7-46BB-A34A-E09849C272A9}.Release|x64.Build.0 = Release|x64
		{A7D836D3-09F7-46BB-A34A-E09849C272A9}.Release|x86.ActiveCfg = Release|Win32
		{A7D836D3-09F7-46BB-A34A-E09849C272A9}.Release|x86.Build.0 = Release|Win32
		{98C565EB-CF9E-48C3-8BD3-8A55079194D5}.Debug|x64.ActiveCfg = Debug|x64
		{98C565EB-CF9E-48C3-8BD3-8A55079194D5}.Debug|x64.Build.0 = Debug|x64
		{98C565EB-CF9E-48C3-8BD3-8A55079194D5}.Debug|x86.ActiveCfg = Debug|Win32
		{98C565EB-CF9E-48C3-8BD3-8A55079194D5}.Debug|x86.Build.0 = Debug|Win32
		{98C565EB-CF9E-48C3-8BD3-8A55079194D5}.Release|x64.ActiveCfg = Release|x64
		{98C565EB-CF9E-48C3-8BD3-8A55079194D5}.Release|x64.Build.0 = Release|x64
		{98C565EB-CF9E-48C3-8BD3-8A55079194D5}.Release|x86.ActiveCfg = Release|Win32
		{98C565EB-CF9E-48C3-8BD3-8A55079194D5}.Release|x86.Build.0 = Release|Win32
	EndGlobalSection
	GlobalSection(SolutionProperties) = preSolution
		HideSolutionNode = FALSE
	EndGlobalSection
	GlobalSection(ExtensibilityGlobals) = postSolution
		SolutionGuid = {1E146666-802C-41F4-8B53-38EFEA64FA88}
	EndGlobalSection
EndGlobal
